
Microsoft Visual Studio Solution File, Format Version 12.00
# Visual Studio 15
VisualStudioVersion = 15.0.28010.2036
MinimumVisualStudioVersion = 10.0.40219.1
Project("{FAE04EC0-301F-11D3-BF4B-00C04F79EFBC}") = "CondFormatIssue", "CondFormatIssue\CondFormatIssue.csproj", "{6F9A6515-3439-4C27-90E8-F05FE6E077AC}"
EndProject
Global
	GlobalSection(SolutionConfigurationPlatforms) = preSolution
		Debug|Any CPU = Debug|Any CPU
		Release|Any CPU = Release|Any CPU
	EndGlobalSection
	GlobalSection(ProjectConfigurationPlatforms) = postSolution
		{6F9A6515-3439-4C27-90E8-F05FE6E077AC}.Debug|Any CPU.ActiveCfg = Debug|Any CPU
		{6F9A6515-3439-4C27-90E8-F05FE6E077AC}.Debug|Any CPU.Build.0 = Debug|Any CPU
		{6F9A6515-3439-4C27-90E8-F05FE6E077AC}.Release|Any CPU.ActiveCfg = Release|Any CPU
		{6F9A6515-3439-4C27-90E8-F05FE6E077AC}.Release|Any CPU.Build.0 = Release|Any CPU
	EndGlobalSection
	GlobalSection(SolutionProperties) = preSolution
		HideSolutionNode = FALSE
	EndGlobalSection
	GlobalSection(ExtensibilityGlobals) = postSolution
		SolutionGuid = {82AB421E-5CF4-4562-9DD2-9028236DC7B6}
	EndGlobalSection
EndGlobal
